
Microsoft Visual Studio Solution File, Format Version 12.00
# Visual Studio Version 17
VisualStudioVersion = 17.9.34701.34
MinimumVisualStudioVersion = 10.0.40219.1
Project("{9A19103F-16F7-4668-BE54-9A1E7A4F7556}") = "CmdaFunding", "CmdaFunding\CmdaFunding.csproj", "{95254D67-C1F9-4C36-B8C2-C77301164F86}"
EndProject
Project("{FAE04EC0-301F-11D3-BF4B-00C04F79EFBC}") = "TransactionProcessing", "TransactionProcessing\TransactionProcessing.csproj", "{FA3481FC-4D74-439A-9910-308963364424}"
EndProject
Global
	GlobalSection(SolutionConfigurationPlatforms) = preSolution
		Debug|Any CPU = Debug|Any CPU
		Release|Any CPU = Release|Any CPU
	EndGlobalSection
	GlobalSection(ProjectConfigurationPlatforms) = postSolution
		{95254D67-C1F9-4C36-B8C2-C77301164F86}.Debug|Any CPU.ActiveCfg = Debug|Any CPU
		{95254D67-C1F9-4C36-B8C2-C77301164F86}.Debug|Any CPU.Build.0 = Debug|Any CPU
		{95254D67-C1F9-4C36-B8C2-C77301164F86}.Release|Any CPU.ActiveCfg = Release|Any CPU
		{95254D67-C1F9-4C36-B8C2-C77301164F86}.Release|Any CPU.Build.0 = Release|Any CPU
		{FA3481FC-4D74-439A-9910-308963364424}.Debug|Any CPU.ActiveCfg = Debug|Any CPU
		{FA3481FC-4D74-439A-9910-308963364424}.Debug|Any CPU.Build.0 = Debug|Any CPU
		{FA3481FC-4D74-439A-9910-308963364424}.Release|Any CPU.ActiveCfg = Release|Any CPU
		{FA3481FC-4D74-439A-9910-308963364424}.Release|Any CPU.Build.0 = Release|Any CPU
	EndGlobalSection
	GlobalSection(SolutionProperties) = preSolution
		HideSolutionNode = FALSE
	EndGlobalSection
	GlobalSection(ExtensibilityGlobals) = postSolution
		SolutionGuid = {55D80D30-0D28-46F3-8A38-74BF2BB3830E}
	EndGlobalSection
EndGlobal
